
Microsoft Visual Studio Solution File, Format Version 12.00
# Visual Studio Version 17
VisualStudioVersion = 17.8.34330.188
MinimumVisualStudioVersion = 10.0.40219.1
Project("{FAE04EC0-301F-11D3-BF4B-00C04F79EFBC}") = "pracanalekcji.Android", "pracanalekcji.Android\pracanalekcji.Android.csproj", "{BE7946F7-9590-4F88-98E2-74F07DA6F6E3}"
EndProject
Project("{FAE04EC0-301F-11D3-BF4B-00C04F79EFBC}") = "pracanalekcji", "pracanalekcji\pracanalekcji.csproj", "{BD809810-C0B0-448D-A5B0-A164E4CAB554}"
EndProject
Global
	GlobalSection(SolutionConfigurationPlatforms) = preSolution
		Debug|Any CPU = Debug|Any CPU
		Release|Any CPU = Release|Any CPU
	EndGlobalSection
	GlobalSection(ProjectConfigurationPlatforms) = postSolution
		{BE7946F7-9590-4F88-98E2-74F07DA6F6E3}.Debug|Any CPU.ActiveCfg = Debug|Any CPU
		{BE7946F7-9590-4F88-98E2-74F07DA6F6E3}.Debug|Any CPU.Build.0 = Debug|Any CPU
		{BE7946F7-9590-4F88-98E2-74F07DA6F6E3}.Debug|Any CPU.Deploy.0 = Debug|Any CPU
		{BE7946F7-9590-4F88-98E2-74F07DA6F6E3}.Release|Any CPU.ActiveCfg = Release|Any CPU
		{BE7946F7-9590-4F88-98E2-74F07DA6F6E3}.Release|Any CPU.Build.0 = Release|Any CPU
		{BE7946F7-9590-4F88-98E2-74F07DA6F6E3}.Release|Any CPU.Deploy.0 = Release|Any CPU
		{BD809810-C0B0-448D-A5B0-A164E4CAB554}.Debug|Any CPU.ActiveCfg = Debug|Any CPU
		{BD809810-C0B0-448D-A5B0-A164E4CAB554}.Debug|Any CPU.Build.0 = Debug|Any CPU
		{BD809810-C0B0-448D-A5B0-A164E4CAB554}.Debug|Any CPU.Deploy.0 = Debug|Any CPU
		{BD809810-C0B0-448D-A5B0-A164E4CAB554}.Release|Any CPU.ActiveCfg = Release|Any CPU
		{BD809810-C0B0-448D-A5B0-A164E4CAB554}.Release|Any CPU.Build.0 = Release|Any CPU
		{BD809810-C0B0-448D-A5B0-A164E4CAB554}.Release|Any CPU.Deploy.0 = Release|Any CPU
	EndGlobalSection
	GlobalSection(SolutionProperties) = preSolution
		HideSolutionNode = FALSE
	EndGlobalSection
	GlobalSection(ExtensibilityGlobals) = postSolution
		SolutionGuid = {C7804EF9-927D-48F6-B00C-7ABE94ED6CE3}
	EndGlobalSection
EndGlobal
